
Microsoft Visual Studio Solution File, Format Version 12.00
Project("{FAE04EC0-301F-11D3-BF4B-00C04F79EFBC}") = "Zoo.Api", "src\Zoo.Api\Zoo.Api.csproj", "{A33356A6-B8ED-4AEA-8E02-43952FD0EDEC}"
EndProject
Project("{2150E333-8FDC-42A3-9474-1A3956D46DE8}") = "src", "src", "{8C002493-E99B-4928-B128-441B71376BE4}"
EndProject
Project("{2150E333-8FDC-42A3-9474-1A3956D46DE8}") = "tests", "tests", "{FE35E561-8CE2-4189-B7FB-59FA2B931D6E}"
EndProject
Project("{FAE04EC0-301F-11D3-BF4B-00C04F79EFBC}") = "Zoo.Core", "src\Zoo.Core\Zoo.Core.csproj", "{517C0D5D-EEBF-4613-A68F-F83257A649EE}"
EndProject
Project("{FAE04EC0-301F-11D3-BF4B-00C04F79EFBC}") = "Zoo.Infrastructure", "src\Zoo.Infrastructure\Zoo.Infrastructure.csproj", "{E4CA2860-8BC9-4A1D-AA33-EB48C44222E6}"
EndProject
Project("{FAE04EC0-301F-11D3-BF4B-00C04F79EFBC}") = "Zoo.Application", "src\Zoo.Application\Zoo.Application.csproj", "{42EE4C2E-CF14-427C-9E6F-F00FB234A0A7}"
EndProject
Project("{FAE04EC0-301F-11D3-BF4B-00C04F79EFBC}") = "Zoo.Tests", "tests\Zoo.Tests\Zoo.Tests.csproj", "{07FDB19A-631F-4E36-8F11-727DE6D334F2}"
EndProject
Project("{FAE04EC0-301F-11D3-BF4B-00C04F79EFBC}") = "Zoo.IntegrationTests", "tests\Zoo.IntegrationTests\Zoo.IntegrationTests.csproj", "{82F08C14-0F8C-486F-9B89-ACFB2AFB183D}"
EndProject
Global
	GlobalSection(SolutionConfigurationPlatforms) = preSolution
		Debug|Any CPU = Debug|Any CPU
		Release|Any CPU = Release|Any CPU
	EndGlobalSection
	GlobalSection(ProjectConfigurationPlatforms) = postSolution
		{A33356A6-B8ED-4AEA-8E02-43952FD0EDEC}.Debug|Any CPU.ActiveCfg = Debug|Any CPU
		{A33356A6-B8ED-4AEA-8E02-43952FD0EDEC}.Debug|Any CPU.Build.0 = Debug|Any CPU
		{A33356A6-B8ED-4AEA-8E02-43952FD0EDEC}.Release|Any CPU.ActiveCfg = Release|Any CPU
		{A33356A6-B8ED-4AEA-8E02-43952FD0EDEC}.Release|Any CPU.Build.0 = Release|Any CPU
		{517C0D5D-EEBF-4613-A68F-F83257A649EE}.Debug|Any CPU.ActiveCfg = Debug|Any CPU
		{517C0D5D-EEBF-4613-A68F-F83257A649EE}.Debug|Any CPU.Build.0 = Debug|Any CPU
		{517C0D5D-EEBF-4613-A68F-F83257A649EE}.Release|Any CPU.ActiveCfg = Release|Any CPU
		{517C0D5D-EEBF-4613-A68F-F83257A649EE}.Release|Any CPU.Build.0 = Release|Any CPU
		{E4CA2860-8BC9-4A1D-AA33-EB48C44222E6}.Debug|Any CPU.ActiveCfg = Debug|Any CPU
		{E4CA2860-8BC9-4A1D-AA33-EB48C44222E6}.Debug|Any CPU.Build.0 = Debug|Any CPU
		{E4CA2860-8BC9-4A1D-AA33-EB48C44222E6}.Release|Any CPU.ActiveCfg = Release|Any CPU
		{E4CA2860-8BC9-4A1D-AA33-EB48C44222E6}.Release|Any CPU.Build.0 = Release|Any CPU
		{42EE4C2E-CF14-427C-9E6F-F00FB234A0A7}.Debug|Any CPU.ActiveCfg = Debug|Any CPU
		{42EE4C2E-CF14-427C-9E6F-F00FB234A0A7}.Debug|Any CPU.Build.0 = Debug|Any CPU
		{42EE4C2E-CF14-427C-9E6F-F00FB234A0A7}.Release|Any CPU.ActiveCfg = Release|Any CPU
		{42EE4C2E-CF14-427C-9E6F-F00FB234A0A7}.Release|Any CPU.Build.0 = Release|Any CPU
		{07FDB19A-631F-4E36-8F11-727DE6D334F2}.Debug|Any CPU.ActiveCfg = Debug|Any CPU
		{07FDB19A-631F-4E36-8F11-727DE6D334F2}.Debug|Any CPU.Build.0 = Debug|Any CPU
		{07FDB19A-631F-4E36-8F11-727DE6D334F2}.Release|Any CPU.ActiveCfg = Release|Any CPU
		{07FDB19A-631F-4E36-8F11-727DE6D334F2}.Release|Any CPU.Build.0 = Release|Any CPU
		{82F08C14-0F8C-486F-9B89-ACFB2AFB183D}.Debug|Any CPU.ActiveCfg = Debug|Any CPU
		{82F08C14-0F8C-486F-9B89-ACFB2AFB183D}.Debug|Any CPU.Build.0 = Debug|Any CPU
		{82F08C14-0F8C-486F-9B89-ACFB2AFB183D}.Release|Any CPU.ActiveCfg = Release|Any CPU
		{82F08C14-0F8C-486F-9B89-ACFB2AFB183D}.Release|Any CPU.Build.0 = Release|Any CPU
	EndGlobalSection
	GlobalSection(NestedProjects) = preSolution
		{A33356A6-B8ED-4AEA-8E02-43952FD0EDEC} = {8C002493-E99B-4928-B128-441B71376BE4}
		{517C0D5D-EEBF-4613-A68F-F83257A649EE} = {8C002493-E99B-4928-B128-441B71376BE4}
		{E4CA2860-8BC9-4A1D-AA33-EB48C44222E6} = {8C002493-E99B-4928-B128-441B71376BE4}
		{42EE4C2E-CF14-427C-9E6F-F00FB234A0A7} = {8C002493-E99B-4928-B128-441B71376BE4}
		{07FDB19A-631F-4E36-8F11-727DE6D334F2} = {FE35E561-8CE2-4189-B7FB-59FA2B931D6E}
		{82F08C14-0F8C-486F-9B89-ACFB2AFB183D} = {FE35E561-8CE2-4189-B7FB-59FA2B931D6E}
	EndGlobalSection
EndGlobal
